
Microsoft Visual Studio Solution File, Format Version 12.00
# Visual Studio Version 17
VisualStudioVersion = 17.11.35327.3
MinimumVisualStudioVersion = 10.0.40219.1
Project("{FAE04EC0-301F-11D3-BF4B-00C04F79EFBC}") = "ReadEnergyPricesNET4", "ReadEnergyPricesNET4.csproj", "{215BBE9D-D641-415E-8262-BC52C32EAD1A}"
EndProject
Global
	GlobalSection(SolutionConfigurationPlatforms) = preSolution
		Debug|Any CPU = Debug|Any CPU
		Release|Any CPU = Release|Any CPU
	EndGlobalSection
	GlobalSection(ProjectConfigurationPlatforms) = postSolution
		{215BBE9D-D641-415E-8262-BC52C32EAD1A}.Debug|Any CPU.ActiveCfg = Debug|Any CPU
		{215BBE9D-D641-415E-8262-BC52C32EAD1A}.Debug|Any CPU.Build.0 = Debug|Any CPU
		{215BBE9D-D641-415E-8262-BC52C32EAD1A}.Debug|Any CPU.Deploy.0 = Debug|Any CPU
		{215BBE9D-D641-415E-8262-BC52C32EAD1A}.Release|Any CPU.ActiveCfg = Release|Any CPU
		{215BBE9D-D641-415E-8262-BC52C32EAD1A}.Release|Any CPU.Build.0 = Release|Any CPU
		{215BBE9D-D641-415E-8262-BC52C32EAD1A}.Release|Any CPU.Deploy.0 = Release|Any CPU
	EndGlobalSection
	GlobalSection(SolutionProperties) = preSolution
		HideSolutionNode = FALSE
	EndGlobalSection
	GlobalSection(ExtensibilityGlobals) = postSolution
		SolutionGuid = {C35D954D-A02C-4DE5-A8CF-5011DD24D378}
	EndGlobalSection
EndGlobal
